# THIS IS AN AUTOGENERATED FILE. DO NOT EDIT THIS FILE DIRECTLY.
# yarn lockfile v1


"camel-case@^4.1.2":
  "integrity" "sha512-gxGWBrTT1JuMx6R+o5PTXMmUnhnVzLQ9SNutD4YqKtI6ap897t3tKECYla6gCWEkplXnlNybEkZg9GEGxKFCgw=="
  "resolved" "https://registry.npmjs.org/camel-case/-/camel-case-4.1.2.tgz"
  "version" "4.1.2"
  dependencies:
    "pascal-case" "^3.1.2"
    "tslib" "^2.0.3"

"capital-case@^1.0.4":
  "integrity" "sha512-ds37W8CytHgwnhGGTi88pcPyR15qoNkOpYwmMMfnWqqWgESapLqvDx6huFjQ5vqWSn2Z06173XNA7LtMOeUh1A=="
  "resolved" "https://registry.npmjs.org/capital-case/-/capital-case-1.0.4.tgz"
  "version" "1.0.4"
  dependencies:
    "no-case" "^3.0.4"
    "tslib" "^2.0.3"
    "upper-case-first" "^2.0.2"

"change-case@^4.1.2":
  "integrity" "sha512-bSxY2ws9OtviILG1EiY5K7NNxkqg/JnRnFxLtKQ96JaviiIxi7djMrSd0ECT9AC+lttClmYwKw53BWpOMblo7A=="
  "resolved" "https://registry.npmjs.org/change-case/-/change-case-4.1.2.tgz"
  "version" "4.1.2"
  dependencies:
    "camel-case" "^4.1.2"
    "capital-case" "^1.0.4"
    "constant-case" "^3.0.4"
    "dot-case" "^3.0.4"
    "header-case" "^2.0.4"
    "no-case" "^3.0.4"
    "param-case" "^3.0.4"
    "pascal-case" "^3.1.2"
    "path-case" "^3.0.4"
    "sentence-case" "^3.0.4"
    "snake-case" "^3.0.4"
    "tslib" "^2.0.3"

"charm@^1.0.0":
  "integrity" "sha1-it02cVOm2aWBMxBSxAkJkdqZXjU="
  "resolved" "https://registry.npmjs.org/charm/-/charm-1.0.2.tgz"
  "version" "1.0.2"
  dependencies:
    "inherits" "^2.0.1"

"constant-case@^3.0.4":
  "integrity" "sha512-I2hSBi7Vvs7BEuJDr5dDHfzb/Ruj3FyvFyh7KLilAjNQw3Be+xgqUBA2W6scVEcL0hL1dwPRtIqEPVUCKkSsyQ=="
  "resolved" "https://registry.npmjs.org/constant-case/-/constant-case-3.0.4.tgz"
  "version" "3.0.4"
  dependencies:
    "no-case" "^3.0.4"
    "tslib" "^2.0.3"
    "upper-case" "^2.0.2"

"dot-case@^3.0.4":
  "integrity" "sha512-Kv5nKlh6yRrdrGvxeJ2e5y2eRUpkUosIW4A2AS38zwSz27zu7ufDwQPi5Jhs3XAlGNetl3bmnGhQsMtkKJnj3w=="
  "resolved" "https://registry.npmjs.org/dot-case/-/dot-case-3.0.4.tgz"
  "version" "3.0.4"
  dependencies:
    "no-case" "^3.0.4"
    "tslib" "^2.0.3"

"fs-extra@^7.0.0":
  "integrity" "sha512-YJDaCJZEnBmcbw13fvdAM9AwNOJwOzrE4pqMqBq5nFiEqXUqHwlK4B+3pUw6JNvfSPtX05xFHtYy/1ni01eGCw=="
  "resolved" "https://registry.npmjs.org/fs-extra/-/fs-extra-7.0.1.tgz"
  "version" "7.0.1"
  dependencies:
    "graceful-fs" "^4.1.2"
    "jsonfile" "^4.0.0"
    "universalify" "^0.1.0"

"graceful-fs@^4.1.2", "graceful-fs@^4.1.6":
  "integrity" "sha512-9ByhssR2fPVsNZj478qUUbKfmL0+t5BDVyjShtyZZLiK7ZDAArFFfopyOTj0M05wE2tJPisA4iTnnXl2YoPvOA=="
  "resolved" "https://registry.npmjs.org/graceful-fs/-/graceful-fs-4.2.10.tgz"
  "version" "4.2.10"

"header-case@^2.0.4":
  "integrity" "sha512-H/vuk5TEEVZwrR0lp2zed9OCo1uAILMlx0JEMgC26rzyJJ3N1v6XkwHHXJQdR2doSjcGPM6OKPYoJgf0plJ11Q=="
  "resolved" "https://registry.npmjs.org/header-case/-/header-case-2.0.4.tgz"
  "version" "2.0.4"
  dependencies:
    "capital-case" "^1.0.4"
    "tslib" "^2.0.3"

"inherits@^2.0.1":
  "integrity" "sha512-k/vGaX4/Yla3WzyMCvTQOXYeIHvqOKtnqBduzTHpzpQZzAskKMhZ2K+EnBiSM9zGSoIFeMpXKxa4dYeZIQqewQ=="
  "resolved" "https://registry.npmjs.org/inherits/-/inherits-2.0.4.tgz"
  "version" "2.0.4"

"jsonfile@^4.0.0":
  "integrity" "sha1-h3Gq4HmbZAdrdmQPygWPnBDjPss="
  "resolved" "https://registry.npmjs.org/jsonfile/-/jsonfile-4.0.0.tgz"
  "version" "4.0.0"
  optionalDependencies:
    "graceful-fs" "^4.1.6"

"lower-case@^2.0.2":
  "integrity" "sha512-7fm3l3NAF9WfN6W3JOmf5drwpVqX78JtoGJ3A6W0a6ZnldM41w2fV5D490psKFTpMds8TJse/eHLFFsNHHjHgg=="
  "resolved" "https://registry.npmjs.org/lower-case/-/lower-case-2.0.2.tgz"
  "version" "2.0.2"
  dependencies:
    "tslib" "^2.0.3"

"mime@^2.4.0":
  "integrity" "sha512-USPkMeET31rOMiarsBNIHZKLGgvKc/LrjofAnBlOttf5ajRvqiRA8QsenbcooctK6d6Ts6aqZXBA+XbkKthiQg=="
  "resolved" "https://registry.npmjs.org/mime/-/mime-2.6.0.tgz"
  "version" "2.6.0"

"no-case@^3.0.4":
  "integrity" "sha512-fgAN3jGAh+RoxUGZHTSOLJIqUc2wmoBwGR4tbpNAKmmovFoWq0OdRkb0VkldReO2a2iBT/OEulG9XSUc10r3zg=="
  "resolved" "https://registry.npmjs.org/no-case/-/no-case-3.0.4.tgz"
  "version" "3.0.4"
  dependencies:
    "lower-case" "^2.0.2"
    "tslib" "^2.0.3"

"param-case@^3.0.4":
  "integrity" "sha512-RXlj7zCYokReqWpOPH9oYivUzLYZ5vAPIfEmCTNViosC78F8F0H9y7T7gG2M39ymgutxF5gcFEsyZQSph9Bp3A=="
  "resolved" "https://registry.npmjs.org/param-case/-/param-case-3.0.4.tgz"
  "version" "3.0.4"
  dependencies:
    "dot-case" "^3.0.4"
    "tslib" "^2.0.3"

"pascal-case@^3.1.2":
  "integrity" "sha512-uWlGT3YSnK9x3BQJaOdcZwrnV6hPpd8jFH1/ucpiLRPh/2zCVJKS19E4GvYHvaCcACn3foXZ0cLB9Wrx1KGe5g=="
  "resolved" "https://registry.npmjs.org/pascal-case/-/pascal-case-3.1.2.tgz"
  "version" "3.1.2"
  dependencies:
    "no-case" "^3.0.4"
    "tslib" "^2.0.3"

"path-case@^3.0.4":
  "integrity" "sha512-qO4qCFjXqVTrcbPt/hQfhTQ+VhFsqNKOPtytgNKkKxSoEp3XPUQ8ObFuePylOIok5gjn69ry8XiULxCwot3Wfg=="
  "resolved" "https://registry.npmjs.org/path-case/-/path-case-3.0.4.tgz"
  "version" "3.0.4"
  dependencies:
    "dot-case" "^3.0.4"
    "tslib" "^2.0.3"

"sentence-case@^3.0.4":
  "integrity" "sha512-8LS0JInaQMCRoQ7YUytAo/xUu5W2XnQxV2HI/6uM6U7CITS1RqPElr30V6uIqyMKM9lJGRVFy5/4CuzcixNYSg=="
  "resolved" "https://registry.npmjs.org/sentence-case/-/sentence-case-3.0.4.tgz"
  "version" "3.0.4"
  dependencies:
    "no-case" "^3.0.4"
    "tslib" "^2.0.3"
    "upper-case-first" "^2.0.2"

"snake-case@^3.0.4":
  "integrity" "sha512-LAOh4z89bGQvl9pFfNF8V146i7o7/CqFPbqzYgP+yYzDIDeS9HaNFtXABamRW+AQzEVODcvE79ljJ+8a9YSdMg=="
  "resolved" "https://registry.npmjs.org/snake-case/-/snake-case-3.0.4.tgz"
  "version" "3.0.4"
  dependencies:
    "dot-case" "^3.0.4"
    "tslib" "^2.0.3"

"tslib@^2.0.3":
  "integrity" "sha512-77EbyPPpMz+FRFRuAFlWMtmgUWGe9UOG2Z25NqCwiIjRhOf5iKGuzSe5P2w1laq+FkRy4p+PCuVkJSGkzTEKVw=="
  "resolved" "https://registry.npmjs.org/tslib/-/tslib-2.3.1.tgz"
  "version" "2.3.1"

"underscore@^1.7.0":
  "integrity" "sha512-ekY1NhRzq0B08g4bGuX4wd2jZx5GnKz6mKSqFL4nqBlfyMGiG10gDFhDTMEfYmDL6Jy0FUIZp7wiRB+0BP7J2g=="
  "resolved" "https://registry.npmjs.org/underscore/-/underscore-1.13.2.tgz"
  "version" "1.13.2"

"universalify@^0.1.0":
  "integrity" "sha512-rBJeI5CXAlmy1pV+617WB9J63U6XcazHHF2f2dbJix4XzpUF0RS3Zbj0FGIOCAva5P/d/GBOYaACQ1w+0azUkg=="
  "resolved" "https://registry.npmjs.org/universalify/-/universalify-0.1.2.tgz"
  "version" "0.1.2"

"upper-case-first@^2.0.2":
  "integrity" "sha512-514ppYHBaKwfJRK/pNC6c/OxfGa0obSnAl106u97Ed0I625Nin96KAjttZF6ZL3e1XLtphxnqrOi9iWgm+u+bg=="
  "resolved" "https://registry.npmjs.org/upper-case-first/-/upper-case-first-2.0.2.tgz"
  "version" "2.0.2"
  dependencies:
    "tslib" "^2.0.3"

"upper-case@^2.0.2":
  "integrity" "sha512-KgdgDGJt2TpuwBUIjgG6lzw2GWFRCW9Qkfkiv0DxqHHLYJHmtmdUIKcZd8rHgFSjopVTlw6ggzCm1b8MFQwikg=="
  "resolved" "https://registry.npmjs.org/upper-case/-/upper-case-2.0.2.tgz"
  "version" "2.0.2"
  dependencies:
    "tslib" "^2.0.3"

"word2vec-win@git+https://github.com/Astropilot/node-word2vec-win.git":
  "integrity" "sha512-HAsKZtNW1j1KkCtHgEoNKnHS3ReL4Lmhpx7xZHHOJ9jsf1UmKiso74BHGtOEcv/nWZsy+5os4XXwzNYKnex+4w=="
  "resolved" "git+ssh://git@github.com/Astropilot/node-word2vec-win.git#e18cba32aaba194b7bf150e369ed54e783d1234e"
  "version" "1.1.5"
  dependencies:
    "change-case" "^4.1.2"
    "charm" "^1.0.0"
    "mime" "^2.4.0"
    "underscore" "^1.7.0"
